
Microsoft Visual Studio Solution File, Format Version 12.00
# Visual Studio Version 17
VisualStudioVersion = 17.5.33516.290
MinimumVisualStudioVersion = 10.0.40219.1
Project("{FAE04EC0-301F-11D3-BF4B-00C04F79EFBC}") = "AppOficina.Web", "src\AppOficina.Web\AppOficina.Web.csproj", "{E181687C-7B14-439A-B564-325D3D0EA9FE}"
EndProject
Global
	GlobalSection(SolutionConfigurationPlatforms) = preSolution
		Debug|Any CPU = Debug|Any CPU
		Release|Any CPU = Release|Any CPU
	EndGlobalSection
	GlobalSection(ProjectConfigurationPlatforms) = postSolution
		{E181687C-7B14-439A-B564-325D3D0EA9FE}.Debug|Any CPU.ActiveCfg = Debug|Any CPU
		{E181687C-7B14-439A-B564-325D3D0EA9FE}.Debug|Any CPU.Build.0 = Debug|Any CPU
		{E181687C-7B14-439A-B564-325D3D0EA9FE}.Release|Any CPU.ActiveCfg = Release|Any CPU
		{E181687C-7B14-439A-B564-325D3D0EA9FE}.Release|Any CPU.Build.0 = Release|Any CPU
	EndGlobalSection
	GlobalSection(SolutionProperties) = preSolution
		HideSolutionNode = FALSE
	EndGlobalSection
	GlobalSection(ExtensibilityGlobals) = postSolution
		SolutionGuid = {3CD78CA2-9D2B-4106-A20E-399D67A884F7}
	EndGlobalSection
EndGlobal
